
Microsoft Visual Studio Solution File, Format Version 12.00
# Visual Studio Version 16
VisualStudioVersion = 16.0.31205.134
MinimumVisualStudioVersion = 10.0.40219.1
Project("{FAE04EC0-301F-11D3-BF4B-00C04F79EFBC}") = "StuffDatabase", "StuffDatabase\StuffDatabase.csproj", "{65D38CE9-EF11-4620-A195-3F8E2B76E263}"
EndProject
Project("{9A19103F-16F7-4668-BE54-9A1E7A4F7556}") = "STDLib", "Library\STDLib\STDLib.csproj", "{5F7A5281-E62B-4D41-BC76-B08040074E3A}"
EndProject
Project("{FAE04EC0-301F-11D3-BF4B-00C04F79EFBC}") = "FRMLib", "Library\FRMLib\FRMLib.csproj", "{6062FC18-1C98-4F9A-BE4C-44171CBCB55E}"
EndProject
Global
	GlobalSection(SolutionConfigurationPlatforms) = preSolution
		Debug|Any CPU = Debug|Any CPU
		Release|Any CPU = Release|Any CPU
	EndGlobalSection
	GlobalSection(ProjectConfigurationPlatforms) = postSolution
		{65D38CE9-EF11-4620-A195-3F8E2B76E263}.Debug|Any CPU.ActiveCfg = Debug|Any CPU
		{65D38CE9-EF11-4620-A195-3F8E2B76E263}.Debug|Any CPU.Build.0 = Debug|Any CPU
		{65D38CE9-EF11-4620-A195-3F8E2B76E263}.Release|Any CPU.ActiveCfg = Release|Any CPU
		{65D38CE9-EF11-4620-A195-3F8E2B76E263}.Release|Any CPU.Build.0 = Release|Any CPU
		{5F7A5281-E62B-4D41-BC76-B08040074E3A}.Debug|Any CPU.ActiveCfg = Debug|Any CPU
		{5F7A5281-E62B-4D41-BC76-B08040074E3A}.Debug|Any CPU.Build.0 = Debug|Any CPU
		{5F7A5281-E62B-4D41-BC76-B08040074E3A}.Release|Any CPU.ActiveCfg = Release|Any CPU
		{5F7A5281-E62B-4D41-BC76-B08040074E3A}.Release|Any CPU.Build.0 = Release|Any CPU
		{6062FC18-1C98-4F9A-BE4C-44171CBCB55E}.Debug|Any CPU.ActiveCfg = Debug|Any CPU
		{6062FC18-1C98-4F9A-BE4C-44171CBCB55E}.Debug|Any CPU.Build.0 = Debug|Any CPU
		{6062FC18-1C98-4F9A-BE4C-44171CBCB55E}.Release|Any CPU.ActiveCfg = Release|Any CPU
		{6062FC18-1C98-4F9A-BE4C-44171CBCB55E}.Release|Any CPU.Build.0 = Release|Any CPU
	EndGlobalSection
	GlobalSection(SolutionProperties) = preSolution
		HideSolutionNode = FALSE
	EndGlobalSection
	GlobalSection(ExtensibilityGlobals) = postSolution
		SolutionGuid = {66F13124-FEEB-4528-8CFF-E17543BF1A25}
	EndGlobalSection
EndGlobal
