
Microsoft Visual Studio Solution File, Format Version 12.00
# Visual Studio Version 16
VisualStudioVersion = 16.0.29920.165
MinimumVisualStudioVersion = 10.0.40219.1
Project("{FAE04EC0-301F-11D3-BF4B-00C04F79EFBC}") = "StuffDatabase", "StuffDatabase\StuffDatabase.csproj", "{DBBC149E-80B9-4AAC-8E1B-E26BD916B58C}"
EndProject
Project("{9A19103F-16F7-4668-BE54-9A1E7A4F7556}") = "STDLib", "..\Library\STDLib\STDLib.csproj", "{4BE53117-F3B3-4B2E-9FC8-43E0D71CBF20}"
EndProject
Global
	GlobalSection(SolutionConfigurationPlatforms) = preSolution
		Debug|Any CPU = Debug|Any CPU
		Release|Any CPU = Release|Any CPU
	EndGlobalSection
	GlobalSection(ProjectConfigurationPlatforms) = postSolution
		{DBBC149E-80B9-4AAC-8E1B-E26BD916B58C}.Debug|Any CPU.ActiveCfg = Debug|Any CPU
		{DBBC149E-80B9-4AAC-8E1B-E26BD916B58C}.Debug|Any CPU.Build.0 = Debug|Any CPU
		{DBBC149E-80B9-4AAC-8E1B-E26BD916B58C}.Release|Any CPU.ActiveCfg = Release|Any CPU
		{DBBC149E-80B9-4AAC-8E1B-E26BD916B58C}.Release|Any CPU.Build.0 = Release|Any CPU
		{4BE53117-F3B3-4B2E-9FC8-43E0D71CBF20}.Debug|Any CPU.ActiveCfg = Debug|Any CPU
		{4BE53117-F3B3-4B2E-9FC8-43E0D71CBF20}.Debug|Any CPU.Build.0 = Debug|Any CPU
		{4BE53117-F3B3-4B2E-9FC8-43E0D71CBF20}.Release|Any CPU.ActiveCfg = Release|Any CPU
		{4BE53117-F3B3-4B2E-9FC8-43E0D71CBF20}.Release|Any CPU.Build.0 = Release|Any CPU
	EndGlobalSection
	GlobalSection(SolutionProperties) = preSolution
		HideSolutionNode = FALSE
	EndGlobalSection
	GlobalSection(ExtensibilityGlobals) = postSolution
		SolutionGuid = {C3EDC152-D115-40EC-A3EA-08BCA4D659B6}
	EndGlobalSection
EndGlobal
